{
    "_readme": [
        "This file locks the dependencies of your project to a known state",
        "Read more about it at https://getcomposer.org/doc/01-basic-usage.md#composer-lock-the-lock-file",
        "This file is @generated automatically"
    ],
    "hash": "9401be36492a00caf25454f7f8f1f69d",
    "content-hash": "04405430c171d8ac5c643bace2e82f97",
    "packages": [
        {
            "name": "technosophos/LibRIS",
            "version": "dev-master",
            "source": {
                "type": "git",
                "url": "https://github.com/technosophos/LibRIS.git",
                "reference": "5b6628ece0e57e90bd54f3b2d8de922dc4cc662c"
            },
            "dist": {
                "type": "zip",
                "url": "https://api.github.com/repos/technosophos/LibRIS/zipball/5b6628ece0e57e90bd54f3b2d8de922dc4cc662c",
                "reference": "5b6628ece0e57e90bd54f3b2d8de922dc4cc662c",
                "shasum": ""
            },
            "require": {
                "php": ">=5.3.0"
            },
            "type": "library",
            "autoload": {
                "psr-0": {
                    "LibRIS": "src/"
                }
            },
            "notification-url": "https://packagist.org/downloads/",
            "license": [
                "MIT or GPLv2"
            ],
            "authors": [
                {
                    "name": "M Butcher",
                    "homepage": "http://technosophos.com"
                }
            ],
            "description": "An RIS parser. RIS is a format for reference metadata.",
            "homepage": "https://github.com/technosophos/LibRIS",
            "keywords": [
                "Bibliography",
                "File parser",
                "RIS",
                "Reference"
            ],
            "time": "2012-03-14 16:36:15"
        }
    ],
    "packages-dev": [],
    "aliases": [],
    "minimum-stability": "stable",
    "stability-flags": {
        "technosophos/libris": 20
    },
    "prefer-stable": false,
    "prefer-lowest": false,
    "platform": {
        "php": ">=5.3.0"
    },
    "platform-dev": []
}
